// !$*UTF8*$!
{
	archiveVersion = 1;
	classes = {
	};
	objectVersion = 50;
	objects = {

/* Begin PBXBuildFile section */
		AF23C7CB24EE059E0081B805 /* AppDelegate.swift in Sources */ = {isa = PBXBuildFile; fileRef = AF23C7CA24EE059E0081B805 /* AppDelegate.swift */; };
		AF23C7CD24EE059E0081B805 /* SceneDelegate.swift in Sources */ = {isa = PBXBuildFile; fileRef = AF23C7CC24EE059E0081B805 /* SceneDelegate.swift */; };
		AF23C7D224EE059E0081B805 /* Main.storyboard in Resources */ = {isa = PBXBuildFile; fileRef = AF23C7D024EE059E0081B805 /* Main.storyboard */; };
		AF23C7D524EE059E0081B805 /* Food_Truck_TrackR.xcdatamodeld in Sources */ = {isa = PBXBuildFile; fileRef = AF23C7D324EE059E0081B805 /* Food_Truck_TrackR.xcdatamodeld */; };
		AF23C7D724EE05A00081B805 /* Assets.xcassets in Resources */ = {isa = PBXBuildFile; fileRef = AF23C7D624EE05A00081B805 /* Assets.xcassets */; };
		AF23C7DA24EE05A00081B805 /* LaunchScreen.storyboard in Resources */ = {isa = PBXBuildFile; fileRef = AF23C7D824EE05A00081B805 /* LaunchScreen.storyboard */; };
		AF23C7E724EE10B60081B805 /* LogInViewController.swift in Sources */ = {isa = PBXBuildFile; fileRef = AF23C7E624EE10B60081B805 /* LogInViewController.swift */; };
		AF23C7E924EE10CD0081B805 /* MapViewViewController.swift in Sources */ = {isa = PBXBuildFile; fileRef = AF23C7E824EE10CD0081B805 /* MapViewViewController.swift */; };
		AF23C7EB24EE10EB0081B805 /* TruckDetailViewController.swift in Sources */ = {isa = PBXBuildFile; fileRef = AF23C7EA24EE10EB0081B805 /* TruckDetailViewController.swift */; };
/* End PBXBuildFile section */

/* Begin PBXFileReference section */
		AF23C7C724EE059E0081B805 /* Food Truck TrackR.app */ = {isa = PBXFileReference; explicitFileType = wrapper.application; includeInIndex = 0; path = "Food Truck TrackR.app"; sourceTree = BUILT_PRODUCTS_DIR; };
		AF23C7CA24EE059E0081B805 /* AppDelegate.swift */ = {isa = PBXFileReference; lastKnownFileType = sourcecode.swift; path = AppDelegate.swift; sourceTree = "<group>"; };
		AF23C7CC24EE059E0081B805 /* SceneDelegate.swift */ = {isa = PBXFileReference; lastKnownFileType = sourcecode.swift; path = SceneDelegate.swift; sourceTree = "<group>"; };
		AF23C7D124EE059E0081B805 /* Base */ = {isa = PBXFileReference; lastKnownFileType = file.storyboard; name = Base; path = Base.lproj/Main.storyboard; sourceTree = "<group>"; };
		AF23C7D424EE059E0081B805 /* Food_Truck_TrackR.xcdatamodel */ = {isa = PBXFileReference; lastKnownFileType = wrapper.xcdatamodel; path = Food_Truck_TrackR.xcdatamodel; sourceTree = "<group>"; };
		AF23C7D624EE05A00081B805 /* Assets.xcassets */ = {isa = PBXFileReference; lastKnownFileType = folder.assetcatalog; path = Assets.xcassets; sourceTree = "<group>"; };
		AF23C7D924EE05A00081B805 /* Base */ = {isa = PBXFileReference; lastKnownFileType = file.storyboard; name = Base; path = Base.lproj/LaunchScreen.storyboard; sourceTree = "<group>"; };
		AF23C7DB24EE05A00081B805 /* Info.plist */ = {isa = PBXFileReference; lastKnownFileType = text.plist.xml; path = Info.plist; sourceTree = "<group>"; };
		AF23C7E624EE10B60081B805 /* LogInViewController.swift */ = {isa = PBXFileReference; lastKnownFileType = sourcecode.swift; path = LogInViewController.swift; sourceTree = "<group>"; };
		AF23C7E824EE10CD0081B805 /* MapViewViewController.swift */ = {isa = PBXFileReference; lastKnownFileType = sourcecode.swift; path = MapViewViewController.swift; sourceTree = "<group>"; };
		AF23C7EA24EE10EB0081B805 /* TruckDetailViewController.swift */ = {isa = PBXFileReference; lastKnownFileType = sourcecode.swift; path = TruckDetailViewController.swift; sourceTree = "<group>"; };
/* End PBXFileReference section */

/* Begin PBXFrameworksBuildPhase section */
		AF23C7C424EE059E0081B805 /* Frameworks */ = {
			isa = PBXFrameworksBuildPhase;
			buildActionMask = 2147483647;
			files = (
			);
			runOnlyForDeploymentPostprocessing = 0;
		};
/* End PBXFrameworksBuildPhase section */

/* Begin PBXGroup section */
		AF23C7BE24EE059E0081B805 = {
			isa = PBXGroup;
			children = (
				AF23C7C924EE059E0081B805 /* Food Truck TrackR */,
				AF23C7C824EE059E0081B805 /* Products */,
			);
			sourceTree = "<group>";
		};
		AF23C7C824EE059E0081B805 /* Products */ = {
			isa = PBXGroup;
			children = (
				AF23C7C724EE059E0081B805 /* Food Truck TrackR.app */,
			);
			name = Products;
			sourceTree = "<group>";
		};
		AF23C7C924EE059E0081B805 /* Food Truck TrackR */ = {
			isa = PBXGroup;
			children = (
				AF23C7D324EE059E0081B805 /* Food_Truck_TrackR.xcdatamodeld */,
				AF23C7E124EE0F2D0081B805 /* Model */,
				AF23C7E424EE0F670081B805 /* Resources */,
				AF23C7E524EE0FCF0081B805 /* Storyboards */,
				AF23C7E224EE0F390081B805 /* ViewControllers */,
				AF23C7E324EE0F5E0081B805 /* Views */,
			);
			path = "Food Truck TrackR";
			sourceTree = "<group>";
		};
		AF23C7E124EE0F2D0081B805 /* Model */ = {
			isa = PBXGroup;
			children = (
			);
			path = Model;
			sourceTree = "<group>";
		};
		AF23C7E224EE0F390081B805 /* ViewControllers */ = {
			isa = PBXGroup;
			children = (
				AF23C7E624EE10B60081B805 /* LogInViewController.swift */,
				AF23C7E824EE10CD0081B805 /* MapViewViewController.swift */,
				AF23C7EA24EE10EB0081B805 /* TruckDetailViewController.swift */,
			);
			path = ViewControllers;
			sourceTree = "<group>";
		};
		AF23C7E324EE0F5E0081B805 /* Views */ = {
			isa = PBXGroup;
			children = (
			);
			path = Views;
			sourceTree = "<group>";
		};
		AF23C7E424EE0F670081B805 /* Resources */ = {
			isa = PBXGroup;
			children = (
				AF23C7DB24EE05A00081B805 /* Info.plist */,
				AF23C7CA24EE059E0081B805 /* AppDelegate.swift */,
				AF23C7CC24EE059E0081B805 /* SceneDelegate.swift */,
				AF23C7D624EE05A00081B805 /* Assets.xcassets */,
			);
			path = Resources;
			sourceTree = "<group>";
		};
		AF23C7E524EE0FCF0081B805 /* Storyboards */ = {
			isa = PBXGroup;
			children = (
				AF23C7D024EE059E0081B805 /* Main.storyboard */,
				AF23C7D824EE05A00081B805 /* LaunchScreen.storyboard */,
			);
			path = Storyboards;
			sourceTree = "<group>";
		};
/* End PBXGroup section */

/* Begin PBXNativeTarget section */
		AF23C7C624EE059E0081B805 /* Food Truck TrackR */ = {
			isa = PBXNativeTarget;
			buildConfigurationList = AF23C7DE24EE05A00081B805 /* Build configuration list for PBXNativeTarget "Food Truck TrackR" */;
			buildPhases = (
				AF23C7C324EE059E0081B805 /* Sources */,
				AF23C7C424EE059E0081B805 /* Frameworks */,
				AF23C7C524EE059E0081B805 /* Resources */,
			);
			buildRules = (
			);
			dependencies = (
			);
			name = "Food Truck TrackR";
			productName = "Food Truck TrackR";
			productReference = AF23C7C724EE059E0081B805 /* Food Truck TrackR.app */;
			productType = "com.apple.product-type.application";
		};
/* End PBXNativeTarget section */

/* Begin PBXProject section */
		AF23C7BF24EE059E0081B805 /* Project object */ = {
			isa = PBXProject;
			attributes = {
				LastSwiftUpdateCheck = 1160;
				LastUpgradeCheck = 1160;
				ORGANIZATIONNAME = "Juan M Mariscal";
				TargetAttributes = {
					AF23C7C624EE059E0081B805 = {
						CreatedOnToolsVersion = 11.6;
					};
				};
			};
			buildConfigurationList = AF23C7C224EE059E0081B805 /* Build configuration list for PBXProject "Food Truck TrackR" */;
			compatibilityVersion = "Xcode 9.3";
			developmentRegion = en;
			hasScannedForEncodings = 0;
			knownRegions = (
				en,
				Base,
			);
			mainGroup = AF23C7BE24EE059E0081B805;
			productRefGroup = AF23C7C824EE059E0081B805 /* Products */;
			projectDirPath = "";
			projectRoot = "";
			targets = (
				AF23C7C624EE059E0081B805 /* Food Truck TrackR */,
			);
		};
/* End PBXProject section */

/* Begin PBXResourcesBuildPhase section */
		AF23C7C524EE059E0081B805 /* Resources */ = {
			isa = PBXResourcesBuildPhase;
			buildActionMask = 2147483647;
			files = (
				AF23C7DA24EE05A00081B805 /* LaunchScreen.storyboard in Resources */,
				AF23C7D724EE05A00081B805 /* Assets.xcassets in Resources */,
				AF23C7D224EE059E0081B805 /* Main.storyboard in Resources */,
			);
			runOnlyForDeploymentPostprocessing = 0;
		};
/* End PBXResourcesBuildPhase section */

/* Begin PBXSourcesBuildPhase section */
		AF23C7C324EE059E0081B805 /* Sources */ = {
			isa = PBXSourcesBuildPhase;
			buildActionMask = 2147483647;
			files = (
				AF23C7E724EE10B60081B805 /* LogInViewController.swift in Sources */,
				AF23C7D524EE059E0081B805 /* Food_Truck_TrackR.xcdatamodeld in Sources */,
				AF23C7EB24EE10EB0081B805 /* TruckDetailViewController.swift in Sources */,
				AF23C7CB24EE059E0081B805 /* AppDelegate.swift in Sources */,
				AF23C7CD24EE059E0081B805 /* SceneDelegate.swift in Sources */,
				AF23C7E924EE10CD0081B805 /* MapViewViewController.swift in Sources */,
			);
			runOnlyForDeploymentPostprocessing = 0;
		};
/* End PBXSourcesBuildPhase section */

/* Begin PBXVariantGroup section */
		AF23C7D024EE059E0081B805 /* Main.storyboard */ = {
			isa = PBXVariantGroup;
			children = (
				AF23C7D124EE059E0081B805 /* Base */,
			);
			name = Main.storyboard;
			sourceTree = "<group>";
		};
		AF23C7D824EE05A00081B805 /* LaunchScreen.storyboard */ = {
			isa = PBXVariantGroup;
			children = (
				AF23C7D924EE05A00081B805 /* Base */,
			);
			name = LaunchScreen.storyboard;
			sourceTree = "<group>";
		};
/* End PBXVariantGroup section */

/* Begin XCBuildConfiguration section */
		AF23C7DC24EE05A00081B805 /* Debug */ = {
			isa = XCBuildConfiguration;
			buildSettings = {
				ALWAYS_SEARCH_USER_PATHS = NO;
				CLANG_ANALYZER_NONNULL = YES;
				CLANG_ANALYZER_NUMBER_OBJECT_CONVERSION = YES_AGGRESSIVE;
				CLANG_CXX_LANGUAGE_STANDARD = "gnu++14";
				CLANG_CXX_LIBRARY = "libc++";
				CLANG_ENABLE_MODULES = YES;
				CLANG_ENABLE_OBJC_ARC = YES;
				CLANG_ENABLE_OBJC_WEAK = YES;
				CLANG_WARN_BLOCK_CAPTURE_AUTORELEASING = YES;
				CLANG_WARN_BOOL_CONVERSION = YES;
				CLANG_WARN_COMMA = YES;
				CLANG_WARN_CONSTANT_CONVERSION = YES;
				CLANG_WARN_DEPRECATED_OBJC_IMPLEMENTATIONS = YES;
				CLANG_WARN_DIRECT_OBJC_ISA_USAGE = YES_ERROR;
				CLANG_WARN_DOCUMENTATION_COMMENTS = YES;
				CLANG_WARN_EMPTY_BODY = YES;
				CLANG_WARN_ENUM_CONVERSION = YES;
				CLANG_WARN_INFINITE_RECURSION = YES;
				CLANG_WARN_INT_CONVERSION = YES;
				CLANG_WARN_NON_LITERAL_NULL_CONVERSION = YES;
				CLANG_WARN_OBJC_IMPLICIT_RETAIN_SELF = YES;
				CLANG_WARN_OBJC_LITERAL_CONVERSION = YES;
				CLANG_WARN_OBJC_ROOT_CLASS = YES_ERROR;
				CLANG_WARN_RANGE_LOOP_ANALYSIS = YES;
				CLANG_WARN_STRICT_PROTOTYPES = YES;
				CLANG_WARN_SUSPICIOUS_MOVE = YES;
				CLANG_WARN_UNGUARDED_AVAILABILITY = YES_AGGRESSIVE;
				CLANG_WARN_UNREACHABLE_CODE = YES;
				CLANG_WARN__DUPLICATE_METHOD_MATCH = YES;
				COPY_PHASE_STRIP = NO;
				DEBUG_INFORMATION_FORMAT = dwarf;
				ENABLE_STRICT_OBJC_MSGSEND = YES;
				ENABLE_TESTABILITY = YES;
				GCC_C_LANGUAGE_STANDARD = gnu11;
				GCC_DYNAMIC_NO_PIC = NO;
				GCC_NO_COMMON_BLOCKS = YES;
				GCC_OPTIMIZATION_LEVEL = 0;
				GCC_PREPROCESSOR_DEFINITIONS = (
					"DEBUG=1",
					"$(inherited)",
				);
				GCC_WARN_64_TO_32_BIT_CONVERSION = YES;
				GCC_WARN_ABOUT_RETURN_TYPE = YES_ERROR;
				GCC_WARN_UNDECLARED_SELECTOR = YES;
				GCC_WARN_UNINITIALIZED_AUTOS = YES_AGGRESSIVE;
				GCC_WARN_UNUSED_FUNCTION = YES;
				GCC_WARN_UNUSED_VARIABLE = YES;
				IPHONEOS_DEPLOYMENT_TARGET = 13.6;
				MTL_ENABLE_DEBUG_INFO = INCLUDE_SOURCE;
				MTL_FAST_MATH = YES;
				ONLY_ACTIVE_ARCH = YES;
				SDKROOT = iphoneos;
				SWIFT_ACTIVE_COMPILATION_CONDITIONS = DEBUG;
				SWIFT_OPTIMIZATION_LEVEL = "-Onone";
			};
			name = Debug;
		};
		AF23C7DD24EE05A00081B805 /* Release */ = {
			isa = XCBuildConfiguration;
			buildSettings = {
				ALWAYS_SEARCH_USER_PATHS = NO;
				CLANG_ANALYZER_NONNULL = YES;
				CLANG_ANALYZER_NUMBER_OBJECT_CONVERSION = YES_AGGRESSIVE;
				CLANG_CXX_LANGUAGE_STANDARD = "gnu++14";
				CLANG_CXX_LIBRARY = "libc++";
				CLANG_ENABLE_MODULES = YES;
				CLANG_ENABLE_OBJC_ARC = YES;
				CLANG_ENABLE_OBJC_WEAK = YES;
				CLANG_WARN_BLOCK_CAPTURE_AUTORELEASING = YES;
				CLANG_WARN_BOOL_CONVERSION = YES;
				CLANG_WARN_COMMA = YES;
				CLANG_WARN_CONSTANT_CONVERSION = YES;
				CLANG_WARN_DEPRECATED_OBJC_IMPLEMENTATIONS = YES;
				CLANG_WARN_DIRECT_OBJC_ISA_USAGE = YES_ERROR;
				CLANG_WARN_DOCUMENTATION_COMMENTS = YES;
				CLANG_WARN_EMPTY_BODY = YES;
				CLANG_WARN_ENUM_CONVERSION = YES;
				CLANG_WARN_INFINITE_RECURSION = YES;
				CLANG_WARN_INT_CONVERSION = YES;
				CLANG_WARN_NON_LITERAL_NULL_CONVERSION = YES;
				CLANG_WARN_OBJC_IMPLICIT_RETAIN_SELF = YES;
				CLANG_WARN_OBJC_LITERAL_CONVERSION = YES;
				CLANG_WARN_OBJC_ROOT_CLASS = YES_ERROR;
				CLANG_WARN_RANGE_LOOP_ANALYSIS = YES;
				CLANG_WARN_STRICT_PROTOTYPES = YES;
				CLANG_WARN_SUSPICIOUS_MOVE = YES;
				CLANG_WARN_UNGUARDED_AVAILABILITY = YES_AGGRESSIVE;
				CLANG_WARN_UNREACHABLE_CODE = YES;
				CLANG_WARN__DUPLICATE_METHOD_MATCH = YES;
				COPY_PHASE_STRIP = NO;
				DEBUG_INFORMATION_FORMAT = "dwarf-with-dsym";
				ENABLE_NS_ASSERTIONS = NO;
				ENABLE_STRICT_OBJC_MSGSEND = YES;
				GCC_C_LANGUAGE_STANDARD = gnu11;
				GCC_NO_COMMON_BLOCKS = YES;
				GCC_WARN_64_TO_32_BIT_CONVERSION = YES;
				GCC_WARN_ABOUT_RETURN_TYPE = YES_ERROR;
				GCC_WARN_UNDECLARED_SELECTOR = YES;
				GCC_WARN_UNINITIALIZED_AUTOS = YES_AGGRESSIVE;
				GCC_WARN_UNUSED_FUNCTION = YES;
				GCC_WARN_UNUSED_VARIABLE = YES;
				IPHONEOS_DEPLOYMENT_TARGET = 13.6;
				MTL_ENABLE_DEBUG_INFO = NO;
				MTL_FAST_MATH = YES;
				SDKROOT = iphoneos;
				SWIFT_COMPILATION_MODE = wholemodule;
				SWIFT_OPTIMIZATION_LEVEL = "-O";
				VALIDATE_PRODUCT = YES;
			};
			name = Release;
		};
		AF23C7DF24EE05A00081B805 /* Debug */ = {
			isa = XCBuildConfiguration;
			buildSettings = {
				ASSETCATALOG_COMPILER_APPICON_NAME = AppIcon;
				CODE_SIGN_STYLE = Automatic;
				DEVELOPMENT_TEAM = 37Y3Y57488;
				INFOPLIST_FILE = "Food Truck TrackR/Resources/Info.plist";
				LD_RUNPATH_SEARCH_PATHS = (
					"$(inherited)",
					"@executable_path/Frameworks",
				);
				PRODUCT_BUNDLE_IDENTIFIER = "Mariscal-Development.Food-Truck-TrackR";
				PRODUCT_NAME = "$(TARGET_NAME)";
				SWIFT_VERSION = 5.0;
				TARGETED_DEVICE_FAMILY = "1,2";
			};
			name = Debug;
		};
		AF23C7E024EE05A00081B805 /* Release */ = {
			isa = XCBuildConfiguration;
			buildSettings = {
				ASSETCATALOG_COMPILER_APPICON_NAME = AppIcon;
				CODE_SIGN_STYLE = Automatic;
				DEVELOPMENT_TEAM = 37Y3Y57488;
				INFOPLIST_FILE = "Food Truck TrackR/Resources/Info.plist";
				LD_RUNPATH_SEARCH_PATHS = (
					"$(inherited)",
					"@executable_path/Frameworks",
				);
				PRODUCT_BUNDLE_IDENTIFIER = "Mariscal-Development.Food-Truck-TrackR";
				PRODUCT_NAME = "$(TARGET_NAME)";
				SWIFT_VERSION = 5.0;
				TARGETED_DEVICE_FAMILY = "1,2";
			};
			name = Release;
		};
/* End XCBuildConfiguration section */

/* Begin XCConfigurationList section */
		AF23C7C224EE059E0081B805 /* Build configuration list for PBXProject "Food Truck TrackR" */ = {
			isa = XCConfigurationList;
			buildConfigurations = (
				AF23C7DC24EE05A00081B805 /* Debug */,
				AF23C7DD24EE05A00081B805 /* Release */,
			);
			defaultConfigurationIsVisible = 0;
			defaultConfigurationName = Release;
		};
		AF23C7DE24EE05A00081B805 /* Build configuration list for PBXNativeTarget "Food Truck TrackR" */ = {
			isa = XCConfigurationList;
			buildConfigurations = (
				AF23C7DF24EE05A00081B805 /* Debug */,
				AF23C7E024EE05A00081B805 /* Release */,
			);
			defaultConfigurationIsVisible = 0;
			defaultConfigurationName = Release;
		};
/* End XCConfigurationList section */

/* Begin XCVersionGroup section */
		AF23C7D324EE059E0081B805 /* Food_Truck_TrackR.xcdatamodeld */ = {
			isa = XCVersionGroup;
			children = (
				AF23C7D424EE059E0081B805 /* Food_Truck_TrackR.xcdatamodel */,
			);
			currentVersion = AF23C7D424EE059E0081B805 /* Food_Truck_TrackR.xcdatamodel */;
			path = Food_Truck_TrackR.xcdatamodeld;
			sourceTree = "<group>";
			versionGroupType = wrapper.xcdatamodel;
		};
/* End XCVersionGroup section */
	};
	rootObject = AF23C7BF24EE059E0081B805 /* Project object */;
}
